
Microsoft Visual Studio Solution File, Format Version 12.00
# Visual Studio 15
VisualStudioVersion = 15.0.26228.10
MinimumVisualStudioVersion = 10.0.40219.1
Project("{FAE04EC0-301F-11D3-BF4B-00C04F79EFBC}") = "Server", "NewHope\Server.csproj", "{F34F2140-BFCF-4823-ABD8-E4C334F7A0F0}"
EndProject
Project("{FAE04EC0-301F-11D3-BF4B-00C04F79EFBC}") = "SearchAlgorithmsLib", "SearchAlgoritmLib\SearchAlgorithmsLib.csproj", "{524B8F1C-87D5-467F-8D11-BF62000714F9}"
EndProject
Project("{FAE04EC0-301F-11D3-BF4B-00C04F79EFBC}") = "Client", "Client\Client.csproj", "{058E365A-1156-4292-94F7-FE05665C5F70}"
EndProject
Global
	GlobalSection(SolutionConfigurationPlatforms) = preSolution
		Debug|Any CPU = Debug|Any CPU
		Release|Any CPU = Release|Any CPU
	EndGlobalSection
	GlobalSection(ProjectConfigurationPlatforms) = postSolution
		{F34F2140-BFCF-4823-ABD8-E4C334F7A0F0}.Debug|Any CPU.ActiveCfg = Debug|Any CPU
		{F34F2140-BFCF-4823-ABD8-E4C334F7A0F0}.Debug|Any CPU.Build.0 = Debug|Any CPU
		{F34F2140-BFCF-4823-ABD8-E4C334F7A0F0}.Release|Any CPU.ActiveCfg = Release|Any CPU
		{F34F2140-BFCF-4823-ABD8-E4C334F7A0F0}.Release|Any CPU.Build.0 = Release|Any CPU
		{524B8F1C-87D5-467F-8D11-BF62000714F9}.Debug|Any CPU.ActiveCfg = Debug|Any CPU
		{524B8F1C-87D5-467F-8D11-BF62000714F9}.Debug|Any CPU.Build.0 = Debug|Any CPU
		{524B8F1C-87D5-467F-8D11-BF62000714F9}.Release|Any CPU.ActiveCfg = Release|Any CPU
		{524B8F1C-87D5-467F-8D11-BF62000714F9}.Release|Any CPU.Build.0 = Release|Any CPU
		{058E365A-1156-4292-94F7-FE05665C5F70}.Debug|Any CPU.ActiveCfg = Debug|Any CPU
		{058E365A-1156-4292-94F7-FE05665C5F70}.Debug|Any CPU.Build.0 = Debug|Any CPU
		{058E365A-1156-4292-94F7-FE05665C5F70}.Release|Any CPU.ActiveCfg = Release|Any CPU
		{058E365A-1156-4292-94F7-FE05665C5F70}.Release|Any CPU.Build.0 = Release|Any CPU
	EndGlobalSection
	GlobalSection(SolutionProperties) = preSolution
		HideSolutionNode = FALSE
	EndGlobalSection
EndGlobal
